# THIS IS AN AUTOGENERATED FILE. DO NOT EDIT THIS FILE DIRECTLY.
# yarn lockfile v1


"@babel/runtime-corejs2@^7.0.0":
  version "7.2.0"
  resolved "https://registry.yarnpkg.com/@babel/runtime-corejs2/-/runtime-corejs2-7.2.0.tgz#5ccd722b72d2c18c6a7224b5751f4b9816b60ada"
  dependencies:
    core-js "^2.5.7"
    regenerator-runtime "^0.12.0"

"@babel/runtime@^7.1.2":
  version "7.2.0"
  resolved "https://registry.yarnpkg.com/@babel/runtime/-/runtime-7.2.0.tgz#b03e42eeddf5898e00646e4c840fa07ba8dcad7f"
  dependencies:
    regenerator-runtime "^0.12.0"

classnames@^2.2.5:
  version "2.2.6"
  resolved "https://registry.yarnpkg.com/classnames/-/classnames-2.2.6.tgz#43935bffdd291f326dad0a205309b38d00f650ce"

core-js@^2.5.7:
  version "2.6.0"
  resolved "https://registry.yarnpkg.com/core-js/-/core-js-2.6.0.tgz#1e30793e9ee5782b307e37ffa22da0eacddd84d4"

dom-helpers@^3.2.0, dom-helpers@^3.2.1, dom-helpers@^3.3.1:
  version "3.4.0"
  resolved "https://registry.yarnpkg.com/dom-helpers/-/dom-helpers-3.4.0.tgz#e9b369700f959f62ecde5a6babde4bccd9169af8"
  dependencies:
    "@babel/runtime" "^7.1.2"

invariant@^2.2.4:
  version "2.2.4"
  resolved "https://registry.yarnpkg.com/invariant/-/invariant-2.2.4.tgz#610f3c92c9359ce1db616e538008d23ff35158e6"
  dependencies:
    loose-envify "^1.0.0"

"js-tokens@^3.0.0 || ^4.0.0":
  version "4.0.0"
  resolved "https://registry.yarnpkg.com/js-tokens/-/js-tokens-4.0.0.tgz#19203fb59991df98e3a287050d4647cdeaf32499"

keycode@^2.2.0:
  version "2.2.0"
  resolved "https://registry.yarnpkg.com/keycode/-/keycode-2.2.0.tgz#3d0af56dc7b8b8e5cba8d0a97f107204eec22b04"

loose-envify@^1.0.0, loose-envify@^1.1.0, loose-envify@^1.3.1, loose-envify@^1.4.0:
  version "1.4.0"
  resolved "https://registry.yarnpkg.com/loose-envify/-/loose-envify-1.4.0.tgz#71ee51fa7be4caec1a63839f7e682d8132d30caf"
  dependencies:
    js-tokens "^3.0.0 || ^4.0.0"

object-assign@^4.1.1:
  version "4.1.1"
  resolved "https://registry.yarnpkg.com/object-assign/-/object-assign-4.1.1.tgz#2109adc7965887cfc05cbbd442cac8bfbb360863"

prop-types-extra@^1.0.1:
  version "1.1.0"
  resolved "https://registry.yarnpkg.com/prop-types-extra/-/prop-types-extra-1.1.0.tgz#32609910ea2dcf190366bacd3490d5a6412a605f"
  dependencies:
    react-is "^16.3.2"
    warning "^3.0.0"

prop-types@^15.5.10, prop-types@^15.6.1, prop-types@^15.6.2:
  version "15.6.2"
  resolved "https://registry.yarnpkg.com/prop-types/-/prop-types-15.6.2.tgz#05d5ca77b4453e985d60fc7ff8c859094a497102"
  dependencies:
    loose-envify "^1.3.1"
    object-assign "^4.1.1"

react-bootstrap@^0.32.4:
  version "0.32.4"
  resolved "https://registry.yarnpkg.com/react-bootstrap/-/react-bootstrap-0.32.4.tgz#8efc4cbfc4807215d75b7639bee0d324c8d740d1"
  dependencies:
    "@babel/runtime-corejs2" "^7.0.0"
    classnames "^2.2.5"
    dom-helpers "^3.2.0"
    invariant "^2.2.4"
    keycode "^2.2.0"
    prop-types "^15.6.1"
    prop-types-extra "^1.0.1"
    react-overlays "^0.8.0"
    react-prop-types "^0.4.0"
    react-transition-group "^2.0.0"
    uncontrollable "^5.0.0"
    warning "^3.0.0"

react-dom@^16.6.3:
  version "16.6.3"
  resolved "https://registry.yarnpkg.com/react-dom/-/react-dom-16.6.3.tgz#8fa7ba6883c85211b8da2d0efeffc9d3825cccc0"
  dependencies:
    loose-envify "^1.1.0"
    object-assign "^4.1.1"
    prop-types "^15.6.2"
    scheduler "^0.11.2"

react-is@^16.3.2:
  version "16.6.3"
  resolved "https://registry.yarnpkg.com/react-is/-/react-is-16.6.3.tgz#d2d7462fcfcbe6ec0da56ad69047e47e56e7eac0"

react-lifecycles-compat@^3.0.4:
  version "3.0.4"
  resolved "https://registry.yarnpkg.com/react-lifecycles-compat/-/react-lifecycles-compat-3.0.4.tgz#4f1a273afdfc8f3488a8c516bfda78f872352362"

react-overlays@^0.8.0:
  version "0.8.3"
  resolved "https://registry.yarnpkg.com/react-overlays/-/react-overlays-0.8.3.tgz#fad65eea5b24301cca192a169f5dddb0b20d3ac5"
  dependencies:
    classnames "^2.2.5"
    dom-helpers "^3.2.1"
    prop-types "^15.5.10"
    prop-types-extra "^1.0.1"
    react-transition-group "^2.2.0"
    warning "^3.0.0"

react-pager@^1.3.3:
  version "1.3.3"
  resolved "https://registry.yarnpkg.com/react-pager/-/react-pager-1.3.3.tgz#471ccf36aa6799987657ccf5d400c45d83fda51d"
  dependencies:
    prop-types "^15.5.10"

react-prop-types@^0.4.0:
  version "0.4.0"
  resolved "https://registry.yarnpkg.com/react-prop-types/-/react-prop-types-0.4.0.tgz#f99b0bfb4006929c9af2051e7c1414a5c75b93d0"
  dependencies:
    warning "^3.0.0"

react-transition-group@^2.0.0, react-transition-group@^2.2.0:
  version "2.5.0"
  resolved "https://registry.yarnpkg.com/react-transition-group/-/react-transition-group-2.5.0.tgz#70bca0e3546102c4dc5cf3f5f57f73447cce6874"
  dependencies:
    dom-helpers "^3.3.1"
    loose-envify "^1.4.0"
    prop-types "^15.6.2"
    react-lifecycles-compat "^3.0.4"

regenerator-runtime@^0.12.0:
  version "0.12.1"
  resolved "https://registry.yarnpkg.com/regenerator-runtime/-/regenerator-runtime-0.12.1.tgz#fa1a71544764c036f8c49b13a08b2594c9f8a0de"

scheduler@^0.11.2:
  version "0.11.3"
  resolved "https://registry.yarnpkg.com/scheduler/-/scheduler-0.11.3.tgz#b5769b90cf8b1464f3f3cfcafe8e3cd7555a2d6b"
  dependencies:
    loose-envify "^1.1.0"
    object-assign "^4.1.1"

uncontrollable@^5.0.0:
  version "5.1.0"
  resolved "https://registry.yarnpkg.com/uncontrollable/-/uncontrollable-5.1.0.tgz#7e9a1c50ea24e3c78b625e52d21ff3f758c7bd59"
  dependencies:
    invariant "^2.2.4"

warning@^3.0.0:
  version "3.0.0"
  resolved "https://registry.yarnpkg.com/warning/-/warning-3.0.0.tgz#32e5377cb572de4ab04753bdf8821c01ed605b7c"
  dependencies:
    loose-envify "^1.0.0"
